
Microsoft Visual Studio Solution File, Format Version 12.00
# Visual Studio Version 17
VisualStudioVersion = 17.14.36301.6 d17.14
MinimumVisualStudioVersion = 10.0.40219.1
Project("{FAE04EC0-301F-11D3-BF4B-00C04F79EFBC}") = "Pet Adoption API", "Pet Adoption API\Pet Adoption API.csproj", "{5428B28C-91F4-479F-918E-0C68F8C1FA38}"
EndProject
Project("{FAE04EC0-301F-11D3-BF4B-00C04F79EFBC}") = "BLL", "BLL\BLL.csproj", "{5A082D0A-50F9-4302-A544-EEF54D7E534E}"
EndProject
Project("{FAE04EC0-301F-11D3-BF4B-00C04F79EFBC}") = "DAL", "DAL\DAL.csproj", "{BDC79062-779A-4C58-A531-CFC58420D8D0}"
EndProject
Global
	GlobalSection(SolutionConfigurationPlatforms) = preSolution
		Debug|Any CPU = Debug|Any CPU
		Release|Any CPU = Release|Any CPU
	EndGlobalSection
	GlobalSection(ProjectConfigurationPlatforms) = postSolution
		{5428B28C-91F4-479F-918E-0C68F8C1FA38}.Debug|Any CPU.ActiveCfg = Debug|Any CPU
		{5428B28C-91F4-479F-918E-0C68F8C1FA38}.Debug|Any CPU.Build.0 = Debug|Any CPU
		{5428B28C-91F4-479F-918E-0C68F8C1FA38}.Release|Any CPU.ActiveCfg = Release|Any CPU
		{5428B28C-91F4-479F-918E-0C68F8C1FA38}.Release|Any CPU.Build.0 = Release|Any CPU
		{5A082D0A-50F9-4302-A544-EEF54D7E534E}.Debug|Any CPU.ActiveCfg = Debug|Any CPU
		{5A082D0A-50F9-4302-A544-EEF54D7E534E}.Debug|Any CPU.Build.0 = Debug|Any CPU
		{5A082D0A-50F9-4302-A544-EEF54D7E534E}.Release|Any CPU.ActiveCfg = Release|Any CPU
		{5A082D0A-50F9-4302-A544-EEF54D7E534E}.Release|Any CPU.Build.0 = Release|Any CPU
		{BDC79062-779A-4C58-A531-CFC58420D8D0}.Debug|Any CPU.ActiveCfg = Debug|Any CPU
		{BDC79062-779A-4C58-A531-CFC58420D8D0}.Debug|Any CPU.Build.0 = Debug|Any CPU
		{BDC79062-779A-4C58-A531-CFC58420D8D0}.Release|Any CPU.ActiveCfg = Release|Any CPU
		{BDC79062-779A-4C58-A531-CFC58420D8D0}.Release|Any CPU.Build.0 = Release|Any CPU
	EndGlobalSection
	GlobalSection(SolutionProperties) = preSolution
		HideSolutionNode = FALSE
	EndGlobalSection
	GlobalSection(ExtensibilityGlobals) = postSolution
		SolutionGuid = {3E47D85E-E9F1-4431-8F22-489F85235BA1}
	EndGlobalSection
EndGlobal
